
Microsoft Visual Studio Solution File, Format Version 12.00
# Visual Studio 14
VisualStudioVersion = 14.0.24720.0
MinimumVisualStudioVersion = 10.0.40219.1
Project("{FAE04EC0-301F-11D3-BF4B-00C04F79EFBC}") = "Logic", "Logic\Logic.csproj", "{B446821D-DC80-4D39-8CBE-D16939A3763C}"
EndProject
Project("{FAE04EC0-301F-11D3-BF4B-00C04F79EFBC}") = "WebService", "WebService\WebService.csproj", "{143AD960-4A48-40F9-9F5A-91AA26A59433}"
EndProject
Project("{FAE04EC0-301F-11D3-BF4B-00C04F79EFBC}") = "WebService.Tests", "WebService.Tests\WebService.Tests.csproj", "{274A4051-8695-429C-9EF8-3DFE2CB6944C}"
EndProject
Project("{FAE04EC0-301F-11D3-BF4B-00C04F79EFBC}") = "FrontEnd", "FrontEnd\FrontEnd.csproj", "{3C8DD369-058E-4787-A219-1A9D59D17272}"
EndProject
Project("{FAE04EC0-301F-11D3-BF4B-00C04F79EFBC}") = "FrontEnd.Tests", "FrontEnd.Tests\FrontEnd.Tests.csproj", "{367E607E-72B1-476B-ACE8-3B045609D0F4}"
EndProject
Global
	GlobalSection(SolutionConfigurationPlatforms) = preSolution
		Debug|Any CPU = Debug|Any CPU
		Release|Any CPU = Release|Any CPU
	EndGlobalSection
	GlobalSection(ProjectConfigurationPlatforms) = postSolution
		{B446821D-DC80-4D39-8CBE-D16939A3763C}.Debug|Any CPU.ActiveCfg = Debug|Any CPU
		{B446821D-DC80-4D39-8CBE-D16939A3763C}.Debug|Any CPU.Build.0 = Debug|Any CPU
		{B446821D-DC80-4D39-8CBE-D16939A3763C}.Release|Any CPU.ActiveCfg = Release|Any CPU
		{B446821D-DC80-4D39-8CBE-D16939A3763C}.Release|Any CPU.Build.0 = Release|Any CPU
		{143AD960-4A48-40F9-9F5A-91AA26A59433}.Debug|Any CPU.ActiveCfg = Debug|Any CPU
		{143AD960-4A48-40F9-9F5A-91AA26A59433}.Debug|Any CPU.Build.0 = Debug|Any CPU
		{143AD960-4A48-40F9-9F5A-91AA26A59433}.Release|Any CPU.ActiveCfg = Release|Any CPU
		{143AD960-4A48-40F9-9F5A-91AA26A59433}.Release|Any CPU.Build.0 = Release|Any CPU
		{274A4051-8695-429C-9EF8-3DFE2CB6944C}.Debug|Any CPU.ActiveCfg = Debug|Any CPU
		{274A4051-8695-429C-9EF8-3DFE2CB6944C}.Debug|Any CPU.Build.0 = Debug|Any CPU
		{274A4051-8695-429C-9EF8-3DFE2CB6944C}.Release|Any CPU.ActiveCfg = Release|Any CPU
		{274A4051-8695-429C-9EF8-3DFE2CB6944C}.Release|Any CPU.Build.0 = Release|Any CPU
		{3C8DD369-058E-4787-A219-1A9D59D17272}.Debug|Any CPU.ActiveCfg = Debug|Any CPU
		{3C8DD369-058E-4787-A219-1A9D59D17272}.Debug|Any CPU.Build.0 = Debug|Any CPU
		{3C8DD369-058E-4787-A219-1A9D59D17272}.Release|Any CPU.ActiveCfg = Release|Any CPU
		{3C8DD369-058E-4787-A219-1A9D59D17272}.Release|Any CPU.Build.0 = Release|Any CPU
		{367E607E-72B1-476B-ACE8-3B045609D0F4}.Debug|Any CPU.ActiveCfg = Debug|Any CPU
		{367E607E-72B1-476B-ACE8-3B045609D0F4}.Debug|Any CPU.Build.0 = Debug|Any CPU
		{367E607E-72B1-476B-ACE8-3B045609D0F4}.Release|Any CPU.ActiveCfg = Release|Any CPU
		{367E607E-72B1-476B-ACE8-3B045609D0F4}.Release|Any CPU.Build.0 = Release|Any CPU
	EndGlobalSection
	GlobalSection(SolutionProperties) = preSolution
		HideSolutionNode = FALSE
	EndGlobalSection
EndGlobal
